// !$*UTF8*$!
{
	archiveVersion = 1;
	classes = {
	};
	objectVersion = 55;
	objects = {

/* Begin PBXBuildFile section */
		44A395BF286AF16900C17C49 /* NetworkConfiguration.swift in Sources */ = {isa = PBXBuildFile; fileRef = 44A395BE286AF16900C17C49 /* NetworkConfiguration.swift */; };
		44A395C2286AF1F300C17C49 /* RemoteDataSource.swift in Sources */ = {isa = PBXBuildFile; fileRef = 44A395C1286AF1F300C17C49 /* RemoteDataSource.swift */; };
		44A395C6286AF21A00C17C49 /* RemoteDataSourceProtocol.swift in Sources */ = {isa = PBXBuildFile; fileRef = 44A395C5286AF21A00C17C49 /* RemoteDataSourceProtocol.swift */; };
		44A395C9286AF2C200C17C49 /* DataSourceAssembly.swift in Sources */ = {isa = PBXBuildFile; fileRef = 44A395C8286AF2C200C17C49 /* DataSourceAssembly.swift */; };
		44A395D0286AF67B00C17C49 /* Storyboarded.swift in Sources */ = {isa = PBXBuildFile; fileRef = 44A395CF286AF67B00C17C49 /* Storyboarded.swift */; };
		44A395D3286AF7BF00C17C49 /* UpcomingMovies.storyboard in Resources */ = {isa = PBXBuildFile; fileRef = 44A395D2286AF7BF00C17C49 /* UpcomingMovies.storyboard */; };
		44A395D9286AFB2700C17C49 /* BaseConfiguration.swift in Sources */ = {isa = PBXBuildFile; fileRef = 44A395D8286AFB2700C17C49 /* BaseConfiguration.swift */; };
		44A395DB286AFBB600C17C49 /* PropertyListHelper.swift in Sources */ = {isa = PBXBuildFile; fileRef = 44A395DA286AFBB600C17C49 /* PropertyListHelper.swift */; };
		44A395DE286AFC7200C17C49 /* URL+PropertyListDecoder.swift in Sources */ = {isa = PBXBuildFile; fileRef = 44A395DD286AFC7200C17C49 /* URL+PropertyListDecoder.swift */; };
		44CA7269286A9D030052B74B /* AppDelegate.swift in Sources */ = {isa = PBXBuildFile; fileRef = 44CA7268286A9D030052B74B /* AppDelegate.swift */; };
		44CA726B286A9D030052B74B /* SceneDelegate.swift in Sources */ = {isa = PBXBuildFile; fileRef = 44CA726A286A9D030052B74B /* SceneDelegate.swift */; };
		44CA726D286A9D030052B74B /* UpcomingMoviesViewController.swift in Sources */ = {isa = PBXBuildFile; fileRef = 44CA726C286A9D030052B74B /* UpcomingMoviesViewController.swift */; };
		44CA7272286A9D040052B74B /* Assets.xcassets in Resources */ = {isa = PBXBuildFile; fileRef = 44CA7271286A9D040052B74B /* Assets.xcassets */; };
		44CA7275286A9D040052B74B /* LaunchScreen.storyboard in Resources */ = {isa = PBXBuildFile; fileRef = 44CA7273286A9D040052B74B /* LaunchScreen.storyboard */; };
		44CA7280286A9D040052B74B /* RxUpcomingMoviesTests.swift in Sources */ = {isa = PBXBuildFile; fileRef = 44CA727F286A9D040052B74B /* RxUpcomingMoviesTests.swift */; };
		44CA728A286A9D040052B74B /* RxUpcomingMoviesUITests.swift in Sources */ = {isa = PBXBuildFile; fileRef = 44CA7289286A9D040052B74B /* RxUpcomingMoviesUITests.swift */; };
		44CA728C286A9D040052B74B /* RxUpcomingMoviesUITestsLaunchTests.swift in Sources */ = {isa = PBXBuildFile; fileRef = 44CA728B286A9D040052B74B /* RxUpcomingMoviesUITestsLaunchTests.swift */; };
		44CA729A286ACFE80052B74B /* DIContainer.swift in Sources */ = {isa = PBXBuildFile; fileRef = 44CA7299286ACFE80052B74B /* DIContainer.swift */; };
		7977C35B7BBFADFC8A7B160E /* Pods_RxUpcomingMoviesTests.framework in Frameworks */ = {isa = PBXBuildFile; fileRef = 3BA4E12AE0CA7CEFB1EAF30A /* Pods_RxUpcomingMoviesTests.framework */; };
		D3DA5A100BA47071F21847D0 /* Pods_RxUpcomingMovies_RxUpcomingMoviesUITests.framework in Frameworks */ = {isa = PBXBuildFile; fileRef = D4492AD46A9AC7B8C182D130 /* Pods_RxUpcomingMovies_RxUpcomingMoviesUITests.framework */; };
		F775CB323321BBABD7E85FC7 /* Pods_RxUpcomingMovies.framework in Frameworks */ = {isa = PBXBuildFile; fileRef = 6BECC800993C6CA8D12F1E47 /* Pods_RxUpcomingMovies.framework */; };
/* End PBXBuildFile section */

/* Begin PBXContainerItemProxy section */
		44CA727C286A9D040052B74B /* PBXContainerItemProxy */ = {
			isa = PBXContainerItemProxy;
			containerPortal = 44CA725D286A9D030052B74B /* Project object */;
			proxyType = 1;
			remoteGlobalIDString = 44CA7264286A9D030052B74B;
			remoteInfo = RxUpcomingMovies;
		};
		44CA7286286A9D040052B74B /* PBXContainerItemProxy */ = {
			isa = PBXContainerItemProxy;
			containerPortal = 44CA725D286A9D030052B74B /* Project object */;
			proxyType = 1;
			remoteGlobalIDString = 44CA7264286A9D030052B74B;
			remoteInfo = RxUpcomingMovies;
		};
/* End PBXContainerItemProxy section */

/* Begin PBXFileReference section */
		02135CC449A7D5B3C2DFDC7F /* Pods-RxUpcomingMoviesTests.release.xcconfig */ = {isa = PBXFileReference; includeInIndex = 1; lastKnownFileType = text.xcconfig; name = "Pods-RxUpcomingMoviesTests.release.xcconfig"; path = "Target Support Files/Pods-RxUpcomingMoviesTests/Pods-RxUpcomingMoviesTests.release.xcconfig"; sourceTree = "<group>"; };
		0FDCE5A95114DFE52918E176 /* Pods-RxUpcomingMoviesTests.debug.xcconfig */ = {isa = PBXFileReference; includeInIndex = 1; lastKnownFileType = text.xcconfig; name = "Pods-RxUpcomingMoviesTests.debug.xcconfig"; path = "Target Support Files/Pods-RxUpcomingMoviesTests/Pods-RxUpcomingMoviesTests.debug.xcconfig"; sourceTree = "<group>"; };
		3BA4E12AE0CA7CEFB1EAF30A /* Pods_RxUpcomingMoviesTests.framework */ = {isa = PBXFileReference; explicitFileType = wrapper.framework; includeInIndex = 0; path = Pods_RxUpcomingMoviesTests.framework; sourceTree = BUILT_PRODUCTS_DIR; };
		44A395BE286AF16900C17C49 /* NetworkConfiguration.swift */ = {isa = PBXFileReference; lastKnownFileType = sourcecode.swift; path = NetworkConfiguration.swift; sourceTree = "<group>"; };
		44A395C1286AF1F300C17C49 /* RemoteDataSource.swift */ = {isa = PBXFileReference; lastKnownFileType = sourcecode.swift; path = RemoteDataSource.swift; sourceTree = "<group>"; };
		44A395C5286AF21A00C17C49 /* RemoteDataSourceProtocol.swift */ = {isa = PBXFileReference; lastKnownFileType = sourcecode.swift; path = RemoteDataSourceProtocol.swift; sourceTree = "<group>"; };
		44A395C8286AF2C200C17C49 /* DataSourceAssembly.swift */ = {isa = PBXFileReference; lastKnownFileType = sourcecode.swift; path = DataSourceAssembly.swift; sourceTree = "<group>"; };
		44A395CF286AF67B00C17C49 /* Storyboarded.swift */ = {isa = PBXFileReference; lastKnownFileType = sourcecode.swift; path = Storyboarded.swift; sourceTree = "<group>"; };
		44A395D2286AF7BF00C17C49 /* UpcomingMovies.storyboard */ = {isa = PBXFileReference; lastKnownFileType = file.storyboard; path = UpcomingMovies.storyboard; sourceTree = "<group>"; };
		44A395D8286AFB2700C17C49 /* BaseConfiguration.swift */ = {isa = PBXFileReference; lastKnownFileType = sourcecode.swift; path = BaseConfiguration.swift; sourceTree = "<group>"; };
		44A395DA286AFBB600C17C49 /* PropertyListHelper.swift */ = {isa = PBXFileReference; lastKnownFileType = sourcecode.swift; path = PropertyListHelper.swift; sourceTree = "<group>"; };
		44A395DD286AFC7200C17C49 /* URL+PropertyListDecoder.swift */ = {isa = PBXFileReference; lastKnownFileType = sourcecode.swift; path = "URL+PropertyListDecoder.swift"; sourceTree = "<group>"; };
		44CA7265286A9D030052B74B /* RxUpcomingMovies.app */ = {isa = PBXFileReference; explicitFileType = wrapper.application; includeInIndex = 0; path = RxUpcomingMovies.app; sourceTree = BUILT_PRODUCTS_DIR; };
		44CA7268286A9D030052B74B /* AppDelegate.swift */ = {isa = PBXFileReference; lastKnownFileType = sourcecode.swift; path = AppDelegate.swift; sourceTree = "<group>"; };
		44CA726A286A9D030052B74B /* SceneDelegate.swift */ = {isa = PBXFileReference; lastKnownFileType = sourcecode.swift; path = SceneDelegate.swift; sourceTree = "<group>"; };
		44CA726C286A9D030052B74B /* UpcomingMoviesViewController.swift */ = {isa = PBXFileReference; lastKnownFileType = sourcecode.swift; path = UpcomingMoviesViewController.swift; sourceTree = "<group>"; };
		44CA7271286A9D040052B74B /* Assets.xcassets */ = {isa = PBXFileReference; lastKnownFileType = folder.assetcatalog; path = Assets.xcassets; sourceTree = "<group>"; };
		44CA7274286A9D040052B74B /* Base */ = {isa = PBXFileReference; lastKnownFileType = file.storyboard; name = Base; path = Base.lproj/LaunchScreen.storyboard; sourceTree = "<group>"; };
		44CA7276286A9D040052B74B /* Info.plist */ = {isa = PBXFileReference; lastKnownFileType = text.plist.xml; path = Info.plist; sourceTree = "<group>"; };
		44CA727B286A9D040052B74B /* RxUpcomingMoviesTests.xctest */ = {isa = PBXFileReference; explicitFileType = wrapper.cfbundle; includeInIndex = 0; path = RxUpcomingMoviesTests.xctest; sourceTree = BUILT_PRODUCTS_DIR; };
		44CA727F286A9D040052B74B /* RxUpcomingMoviesTests.swift */ = {isa = PBXFileReference; lastKnownFileType = sourcecode.swift; path = RxUpcomingMoviesTests.swift; sourceTree = "<group>"; };
		44CA7285286A9D040052B74B /* RxUpcomingMoviesUITests.xctest */ = {isa = PBXFileReference; explicitFileType = wrapper.cfbundle; includeInIndex = 0; path = RxUpcomingMoviesUITests.xctest; sourceTree = BUILT_PRODUCTS_DIR; };
		44CA7289286A9D040052B74B /* RxUpcomingMoviesUITests.swift */ = {isa = PBXFileReference; lastKnownFileType = sourcecode.swift; path = RxUpcomingMoviesUITests.swift; sourceTree = "<group>"; };
		44CA728B286A9D040052B74B /* RxUpcomingMoviesUITestsLaunchTests.swift */ = {isa = PBXFileReference; lastKnownFileType = sourcecode.swift; path = RxUpcomingMoviesUITestsLaunchTests.swift; sourceTree = "<group>"; };
		44CA7299286ACFE80052B74B /* DIContainer.swift */ = {isa = PBXFileReference; lastKnownFileType = sourcecode.swift; path = DIContainer.swift; sourceTree = "<group>"; };
		56601C78B80A80CD46CA878E /* Pods-RxUpcomingMovies-RxUpcomingMoviesUITests.debug.xcconfig */ = {isa = PBXFileReference; includeInIndex = 1; lastKnownFileType = text.xcconfig; name = "Pods-RxUpcomingMovies-RxUpcomingMoviesUITests.debug.xcconfig"; path = "Target Support Files/Pods-RxUpcomingMovies-RxUpcomingMoviesUITests/Pods-RxUpcomingMovies-RxUpcomingMoviesUITests.debug.xcconfig"; sourceTree = "<group>"; };
		6BECC800993C6CA8D12F1E47 /* Pods_RxUpcomingMovies.framework */ = {isa = PBXFileReference; explicitFileType = wrapper.framework; includeInIndex = 0; path = Pods_RxUpcomingMovies.framework; sourceTree = BUILT_PRODUCTS_DIR; };
		8D6685F647769689E15B5702 /* Pods-RxUpcomingMovies.release.xcconfig */ = {isa = PBXFileReference; includeInIndex = 1; lastKnownFileType = text.xcconfig; name = "Pods-RxUpcomingMovies.release.xcconfig"; path = "Target Support Files/Pods-RxUpcomingMovies/Pods-RxUpcomingMovies.release.xcconfig"; sourceTree = "<group>"; };
		B2CC6CC498C43187409410A2 /* Pods-RxUpcomingMovies.debug.xcconfig */ = {isa = PBXFileReference; includeInIndex = 1; lastKnownFileType = text.xcconfig; name = "Pods-RxUpcomingMovies.debug.xcconfig"; path = "Target Support Files/Pods-RxUpcomingMovies/Pods-RxUpcomingMovies.debug.xcconfig"; sourceTree = "<group>"; };
		D4492AD46A9AC7B8C182D130 /* Pods_RxUpcomingMovies_RxUpcomingMoviesUITests.framework */ = {isa = PBXFileReference; explicitFileType = wrapper.framework; includeInIndex = 0; path = Pods_RxUpcomingMovies_RxUpcomingMoviesUITests.framework; sourceTree = BUILT_PRODUCTS_DIR; };
		DAFF8754C54AC803D56E33CA /* Pods-RxUpcomingMovies-RxUpcomingMoviesUITests.release.xcconfig */ = {isa = PBXFileReference; includeInIndex = 1; lastKnownFileType = text.xcconfig; name = "Pods-RxUpcomingMovies-RxUpcomingMoviesUITests.release.xcconfig"; path = "Target Support Files/Pods-RxUpcomingMovies-RxUpcomingMoviesUITests/Pods-RxUpcomingMovies-RxUpcomingMoviesUITests.release.xcconfig"; sourceTree = "<group>"; };
/* End PBXFileReference section */

/* Begin PBXFrameworksBuildPhase section */
		44CA7262286A9D030052B74B /* Frameworks */ = {
			isa = PBXFrameworksBuildPhase;
			buildActionMask = 2147483647;
			files = (
				F775CB323321BBABD7E85FC7 /* Pods_RxUpcomingMovies.framework in Frameworks */,
			);
			runOnlyForDeploymentPostprocessing = 0;
		};
		44CA7278286A9D040052B74B /* Frameworks */ = {
			isa = PBXFrameworksBuildPhase;
			buildActionMask = 2147483647;
			files = (
				7977C35B7BBFADFC8A7B160E /* Pods_RxUpcomingMoviesTests.framework in Frameworks */,
			);
			runOnlyForDeploymentPostprocessing = 0;
		};
		44CA7282286A9D040052B74B /* Frameworks */ = {
			isa = PBXFrameworksBuildPhase;
			buildActionMask = 2147483647;
			files = (
				D3DA5A100BA47071F21847D0 /* Pods_RxUpcomingMovies_RxUpcomingMoviesUITests.framework in Frameworks */,
			);
			runOnlyForDeploymentPostprocessing = 0;
		};
/* End PBXFrameworksBuildPhase section */

/* Begin PBXGroup section */
		44A395BD286AF13200C17C49 /* NetworkInfrastructure */ = {
			isa = PBXGroup;
			children = (
				44A395C0286AF1E200C17C49 /* DataSources */,
				44A395BE286AF16900C17C49 /* NetworkConfiguration.swift */,
			);
			path = NetworkInfrastructure;
			sourceTree = "<group>";
		};
		44A395C0286AF1E200C17C49 /* DataSources */ = {
			isa = PBXGroup;
			children = (
				44A395C1286AF1F300C17C49 /* RemoteDataSource.swift */,
			);
			path = DataSources;
			sourceTree = "<group>";
		};
		44A395C3286AF1FA00C17C49 /* UpcomingMovesData */ = {
			isa = PBXGroup;
			children = (
				44A395C4286AF20A00C17C49 /* DataSources */,
			);
			path = UpcomingMovesData;
			sourceTree = "<group>";
		};
		44A395C4286AF20A00C17C49 /* DataSources */ = {
			isa = PBXGroup;
			children = (
				44A395C5286AF21A00C17C49 /* RemoteDataSourceProtocol.swift */,
			);
			path = DataSources;
			sourceTree = "<group>";
		};
		44A395C7286AF2A200C17C49 /* DependencyAssemblers */ = {
			isa = PBXGroup;
			children = (
				44A395C8286AF2C200C17C49 /* DataSourceAssembly.swift */,
			);
			path = DependencyAssemblers;
			sourceTree = "<group>";
		};
		44A395CA286AF5BC00C17C49 /* Scenes */ = {
			isa = PBXGroup;
			children = (
				44A395CB286AF5C700C17C49 /* Movies */,
			);
			path = Scenes;
			sourceTree = "<group>";
		};
		44A395CB286AF5C700C17C49 /* Movies */ = {
			isa = PBXGroup;
			children = (
				44A395CC286AF5D000C17C49 /* UpcomingMovies */,
			);
			path = Movies;
			sourceTree = "<group>";
		};
		44A395CC286AF5D000C17C49 /* UpcomingMovies */ = {
			isa = PBXGroup;
			children = (
				44CA726C286A9D030052B74B /* UpcomingMoviesViewController.swift */,
			);
			path = UpcomingMovies;
			sourceTree = "<group>";
		};
		44A395CD286AF66400C17C49 /* Helpers */ = {
			isa = PBXGroup;
			children = (
				44A395DC286AFC5E00C17C49 /* Extensions */,
				44A395D6286AFB0E00C17C49 /* Utils */,
				44A395CE286AF66E00C17C49 /* Protocols */,
			);
			path = Helpers;
			sourceTree = "<group>";
		};
		44A395CE286AF66E00C17C49 /* Protocols */ = {
			isa = PBXGroup;
			children = (
				44A395CF286AF67B00C17C49 /* Storyboarded.swift */,
			);
			path = Protocols;
			sourceTree = "<group>";
		};
		44A395D1286AF7A500C17C49 /* Storyboards */ = {
			isa = PBXGroup;
			children = (
				44CA7273286A9D040052B74B /* LaunchScreen.storyboard */,
				44A395D2286AF7BF00C17C49 /* UpcomingMovies.storyboard */,
			);
			path = Storyboards;
			sourceTree = "<group>";
		};
		44A395D6286AFB0E00C17C49 /* Utils */ = {
			isa = PBXGroup;
			children = (
				44A395D7286AFB1600C17C49 /* BaseConfiguration */,
				44A395DA286AFBB600C17C49 /* PropertyListHelper.swift */,
			);
			path = Utils;
			sourceTree = "<group>";
		};
		44A395D7286AFB1600C17C49 /* BaseConfiguration */ = {
			isa = PBXGroup;
			children = (
				44A395D8286AFB2700C17C49 /* BaseConfiguration.swift */,
			);
			path = BaseConfiguration;
			sourceTree = "<group>";
		};
		44A395DC286AFC5E00C17C49 /* Extensions */ = {
			isa = PBXGroup;
			children = (
				44A395DD286AFC7200C17C49 /* URL+PropertyListDecoder.swift */,
			);
			path = Extensions;
			sourceTree = "<group>";
		};
		44CA725C286A9D030052B74B = {
			isa = PBXGroup;
			children = (
				44CA7267286A9D030052B74B /* RxUpcomingMovies */,
				44CA727E286A9D040052B74B /* RxUpcomingMoviesTests */,
				44CA7288286A9D040052B74B /* RxUpcomingMoviesUITests */,
				44CA7266286A9D030052B74B /* Products */,
				6C26B1B057464F16D212E580 /* Pods */,
				CC248645D4F6BAD0B1C9D180 /* Frameworks */,
			);
			sourceTree = "<group>";
		};
		44CA7266286A9D030052B74B /* Products */ = {
			isa = PBXGroup;
			children = (
				44CA7265286A9D030052B74B /* RxUpcomingMovies.app */,
				44CA727B286A9D040052B74B /* RxUpcomingMoviesTests.xctest */,
				44CA7285286A9D040052B74B /* RxUpcomingMoviesUITests.xctest */,
			);
			name = Products;
			sourceTree = "<group>";
		};
		44CA7267286A9D030052B74B /* RxUpcomingMovies */ = {
			isa = PBXGroup;
			children = (
				44A395D1286AF7A500C17C49 /* Storyboards */,
				44A395CD286AF66400C17C49 /* Helpers */,
				44A395CA286AF5BC00C17C49 /* Scenes */,
				44A395C3286AF1FA00C17C49 /* UpcomingMovesData */,
				44A395BD286AF13200C17C49 /* NetworkInfrastructure */,
				44CA7298286ACFC90052B74B /* DependencyInjection */,
				44CA7268286A9D030052B74B /* AppDelegate.swift */,
				44CA726A286A9D030052B74B /* SceneDelegate.swift */,
				44CA7271286A9D040052B74B /* Assets.xcassets */,
				44CA7276286A9D040052B74B /* Info.plist */,
			);
			path = RxUpcomingMovies;
			sourceTree = "<group>";
		};
		44CA727E286A9D040052B74B /* RxUpcomingMoviesTests */ = {
			isa = PBXGroup;
			children = (
				44CA727F286A9D040052B74B /* RxUpcomingMoviesTests.swift */,
			);
			path = RxUpcomingMoviesTests;
			sourceTree = "<group>";
		};
		44CA7288286A9D040052B74B /* RxUpcomingMoviesUITests */ = {
			isa = PBXGroup;
			children = (
				44CA7289286A9D040052B74B /* RxUpcomingMoviesUITests.swift */,
				44CA728B286A9D040052B74B /* RxUpcomingMoviesUITestsLaunchTests.swift */,
			);
			path = RxUpcomingMoviesUITests;
			sourceTree = "<group>";
		};
		44CA7298286ACFC90052B74B /* DependencyInjection */ = {
			isa = PBXGroup;
			children = (
				44A395C7286AF2A200C17C49 /* DependencyAssemblers */,
				44CA7299286ACFE80052B74B /* DIContainer.swift */,
			);
			path = DependencyInjection;
			sourceTree = "<group>";
		};
		6C26B1B057464F16D212E580 /* Pods */ = {
			isa = PBXGroup;
			children = (
				B2CC6CC498C43187409410A2 /* Pods-RxUpcomingMovies.debug.xcconfig */,
				8D6685F647769689E15B5702 /* Pods-RxUpcomingMovies.release.xcconfig */,
				56601C78B80A80CD46CA878E /* Pods-RxUpcomingMovies-RxUpcomingMoviesUITests.debug.xcconfig */,
				DAFF8754C54AC803D56E33CA /* Pods-RxUpcomingMovies-RxUpcomingMoviesUITests.release.xcconfig */,
				0FDCE5A95114DFE52918E176 /* Pods-RxUpcomingMoviesTests.debug.xcconfig */,
				02135CC449A7D5B3C2DFDC7F /* Pods-RxUpcomingMoviesTests.release.xcconfig */,
			);
			path = Pods;
			sourceTree = "<group>";
		};
		CC248645D4F6BAD0B1C9D180 /* Frameworks */ = {
			isa = PBXGroup;
			children = (
				6BECC800993C6CA8D12F1E47 /* Pods_RxUpcomingMovies.framework */,
				D4492AD46A9AC7B8C182D130 /* Pods_RxUpcomingMovies_RxUpcomingMoviesUITests.framework */,
				3BA4E12AE0CA7CEFB1EAF30A /* Pods_RxUpcomingMoviesTests.framework */,
			);
			name = Frameworks;
			sourceTree = "<group>";
		};
/* End PBXGroup section */

/* Begin PBXNativeTarget section */
		44CA7264286A9D030052B74B /* RxUpcomingMovies */ = {
			isa = PBXNativeTarget;
			buildConfigurationList = 44CA728F286A9D040052B74B /* Build configuration list for PBXNativeTarget "RxUpcomingMovies" */;
			buildPhases = (
				8E9B6C3E911DC91B9C765AC9 /* [CP] Check Pods Manifest.lock */,
				44CA7261286A9D030052B74B /* Sources */,
				44CA7262286A9D030052B74B /* Frameworks */,
				44CA7263286A9D030052B74B /* Resources */,
				6CD06F36C3B12CB329AF7997 /* [CP] Embed Pods Frameworks */,
			);
			buildRules = (
			);
			dependencies = (
			);
			name = RxUpcomingMovies;
			productName = RxUpcomingMovies;
			productReference = 44CA7265286A9D030052B74B /* RxUpcomingMovies.app */;
			productType = "com.apple.product-type.application";
		};
		44CA727A286A9D040052B74B /* RxUpcomingMoviesTests */ = {
			isa = PBXNativeTarget;
			buildConfigurationList = 44CA7292286A9D040052B74B /* Build configuration list for PBXNativeTarget "RxUpcomingMoviesTests" */;
			buildPhases = (
				7F41E5C6BE8020832738149D /* [CP] Check Pods Manifest.lock */,
				44CA7277286A9D040052B74B /* Sources */,
				44CA7278286A9D040052B74B /* Frameworks */,
				44CA7279286A9D040052B74B /* Resources */,
			);
			buildRules = (
			);
			dependencies = (
				44CA727D286A9D040052B74B /* PBXTargetDependency */,
			);
			name = RxUpcomingMoviesTests;
			productName = RxUpcomingMoviesTests;
			productReference = 44CA727B286A9D040052B74B /* RxUpcomingMoviesTests.xctest */;
			productType = "com.apple.product-type.bundle.unit-test";
		};
		44CA7284286A9D040052B74B /* RxUpcomingMoviesUITests */ = {
			isa = PBXNativeTarget;
			buildConfigurationList = 44CA7295286A9D040052B74B /* Build configuration list for PBXNativeTarget "RxUpcomingMoviesUITests" */;
			buildPhases = (
				3D0B09E45E75C67EE307CEA9 /* [CP] Check Pods Manifest.lock */,
				44CA7281286A9D040052B74B /* Sources */,
				44CA7282286A9D040052B74B /* Frameworks */,
				44CA7283286A9D040052B74B /* Resources */,
				B679FCA81D7958D5FB092C5F /* [CP] Embed Pods Frameworks */,
			);
			buildRules = (
			);
			dependencies = (
				44CA7287286A9D040052B74B /* PBXTargetDependency */,
			);
			name = RxUpcomingMoviesUITests;
			productName = RxUpcomingMoviesUITests;
			productReference = 44CA7285286A9D040052B74B /* RxUpcomingMoviesUITests.xctest */;
			productType = "com.apple.product-type.bundle.ui-testing";
		};
/* End PBXNativeTarget section */

/* Begin PBXProject section */
		44CA725D286A9D030052B74B /* Project object */ = {
			isa = PBXProject;
			attributes = {
				BuildIndependentTargetsInParallel = 1;
				LastSwiftUpdateCheck = 1340;
				LastUpgradeCheck = 1340;
				TargetAttributes = {
					44CA7264286A9D030052B74B = {
						CreatedOnToolsVersion = 13.4.1;
					};
					44CA727A286A9D040052B74B = {
						CreatedOnToolsVersion = 13.4.1;
						TestTargetID = 44CA7264286A9D030052B74B;
					};
					44CA7284286A9D040052B74B = {
						CreatedOnToolsVersion = 13.4.1;
						TestTargetID = 44CA7264286A9D030052B74B;
					};
				};
			};
			buildConfigurationList = 44CA7260286A9D030052B74B /* Build configuration list for PBXProject "RxUpcomingMovies" */;
			compatibilityVersion = "Xcode 13.0";
			developmentRegion = en;
			hasScannedForEncodings = 0;
			knownRegions = (
				en,
				Base,
			);
			mainGroup = 44CA725C286A9D030052B74B;
			productRefGroup = 44CA7266286A9D030052B74B /* Products */;
			projectDirPath = "";
			projectRoot = "";
			targets = (
				44CA7264286A9D030052B74B /* RxUpcomingMovies */,
				44CA727A286A9D040052B74B /* RxUpcomingMoviesTests */,
				44CA7284286A9D040052B74B /* RxUpcomingMoviesUITests */,
			);
		};
/* End PBXProject section */

/* Begin PBXResourcesBuildPhase section */
		44CA7263286A9D030052B74B /* Resources */ = {
			isa = PBXResourcesBuildPhase;
			buildActionMask = 2147483647;
			files = (
				44CA7275286A9D040052B74B /* LaunchScreen.storyboard in Resources */,
				44A395D3286AF7BF00C17C49 /* UpcomingMovies.storyboard in Resources */,
				44CA7272286A9D040052B74B /* Assets.xcassets in Resources */,
			);
			runOnlyForDeploymentPostprocessing = 0;
		};
		44CA7279286A9D040052B74B /* Resources */ = {
			isa = PBXResourcesBuildPhase;
			buildActionMask = 2147483647;
			files = (
			);
			runOnlyForDeploymentPostprocessing = 0;
		};
		44CA7283286A9D040052B74B /* Resources */ = {
			isa = PBXResourcesBuildPhase;
			buildActionMask = 2147483647;
			files = (
			);
			runOnlyForDeploymentPostprocessing = 0;
		};
/* End PBXResourcesBuildPhase section */

/* Begin PBXShellScriptBuildPhase section */
		3D0B09E45E75C67EE307CEA9 /* [CP] Check Pods Manifest.lock */ = {
			isa = PBXShellScriptBuildPhase;
			buildActionMask = 2147483647;
			files = (
			);
			inputFileListPaths = (
			);
			inputPaths = (
				"${PODS_PODFILE_DIR_PATH}/Podfile.lock",
				"${PODS_ROOT}/Manifest.lock",
			);
			name = "[CP] Check Pods Manifest.lock";
			outputFileListPaths = (
			);
			outputPaths = (
				"$(DERIVED_FILE_DIR)/Pods-RxUpcomingMovies-RxUpcomingMoviesUITests-checkManifestLockResult.txt",
			);
			runOnlyForDeploymentPostprocessing = 0;
			shellPath = /bin/sh;
			shellScript = "diff \"${PODS_PODFILE_DIR_PATH}/Podfile.lock\" \"${PODS_ROOT}/Manifest.lock\" > /dev/null\nif [ $? != 0 ] ; then\n    # print error to STDERR\n    echo \"error: The sandbox is not in sync with the Podfile.lock. Run 'pod install' or update your CocoaPods installation.\" >&2\n    exit 1\nfi\n# This output is used by Xcode 'outputs' to avoid re-running this script phase.\necho \"SUCCESS\" > \"${SCRIPT_OUTPUT_FILE_0}\"\n";
			showEnvVarsInLog = 0;
		};
		6CD06F36C3B12CB329AF7997 /* [CP] Embed Pods Frameworks */ = {
			isa = PBXShellScriptBuildPhase;
			buildActionMask = 2147483647;
			files = (
			);
			inputFileListPaths = (
				"${PODS_ROOT}/Target Support Files/Pods-RxUpcomingMovies/Pods-RxUpcomingMovies-frameworks-${CONFIGURATION}-input-files.xcfilelist",
			);
			name = "[CP] Embed Pods Frameworks";
			outputFileListPaths = (
				"${PODS_ROOT}/Target Support Files/Pods-RxUpcomingMovies/Pods-RxUpcomingMovies-frameworks-${CONFIGURATION}-output-files.xcfilelist",
			);
			runOnlyForDeploymentPostprocessing = 0;
			shellPath = /bin/sh;
			shellScript = "\"${PODS_ROOT}/Target Support Files/Pods-RxUpcomingMovies/Pods-RxUpcomingMovies-frameworks.sh\"\n";
			showEnvVarsInLog = 0;
		};
		7F41E5C6BE8020832738149D /* [CP] Check Pods Manifest.lock */ = {
			isa = PBXShellScriptBuildPhase;
			buildActionMask = 2147483647;
			files = (
			);
			inputFileListPaths = (
			);
			inputPaths = (
				"${PODS_PODFILE_DIR_PATH}/Podfile.lock",
				"${PODS_ROOT}/Manifest.lock",
			);
			name = "[CP] Check Pods Manifest.lock";
			outputFileListPaths = (
			);
			outputPaths = (
				"$(DERIVED_FILE_DIR)/Pods-RxUpcomingMoviesTests-checkManifestLockResult.txt",
			);
			runOnlyForDeploymentPostprocessing = 0;
			shellPath = /bin/sh;
			shellScript = "diff \"${PODS_PODFILE_DIR_PATH}/Podfile.lock\" \"${PODS_ROOT}/Manifest.lock\" > /dev/null\nif [ $? != 0 ] ; then\n    # print error to STDERR\n    echo \"error: The sandbox is not in sync with the Podfile.lock. Run 'pod install' or update your CocoaPods installation.\" >&2\n    exit 1\nfi\n# This output is used by Xcode 'outputs' to avoid re-running this script phase.\necho \"SUCCESS\" > \"${SCRIPT_OUTPUT_FILE_0}\"\n";
			showEnvVarsInLog = 0;
		};
		8E9B6C3E911DC91B9C765AC9 /* [CP] Check Pods Manifest.lock */ = {
			isa = PBXShellScriptBuildPhase;
			buildActionMask = 2147483647;
			files = (
			);
			inputFileListPaths = (
			);
			inputPaths = (
				"${PODS_PODFILE_DIR_PATH}/Podfile.lock",
				"${PODS_ROOT}/Manifest.lock",
			);
			name = "[CP] Check Pods Manifest.lock";
			outputFileListPaths = (
			);
			outputPaths = (
				"$(DERIVED_FILE_DIR)/Pods-RxUpcomingMovies-checkManifestLockResult.txt",
			);
			runOnlyForDeploymentPostprocessing = 0;
			shellPath = /bin/sh;
			shellScript = "diff \"${PODS_PODFILE_DIR_PATH}/Podfile.lock\" \"${PODS_ROOT}/Manifest.lock\" > /dev/null\nif [ $? != 0 ] ; then\n    # print error to STDERR\n    echo \"error: The sandbox is not in sync with the Podfile.lock. Run 'pod install' or update your CocoaPods installation.\" >&2\n    exit 1\nfi\n# This output is used by Xcode 'outputs' to avoid re-running this script phase.\necho \"SUCCESS\" > \"${SCRIPT_OUTPUT_FILE_0}\"\n";
			showEnvVarsInLog = 0;
		};
		B679FCA81D7958D5FB092C5F /* [CP] Embed Pods Frameworks */ = {
			isa = PBXShellScriptBuildPhase;
			buildActionMask = 2147483647;
			files = (
			);
			inputFileListPaths = (
				"${PODS_ROOT}/Target Support Files/Pods-RxUpcomingMovies-RxUpcomingMoviesUITests/Pods-RxUpcomingMovies-RxUpcomingMoviesUITests-frameworks-${CONFIGURATION}-input-files.xcfilelist",
			);
			name = "[CP] Embed Pods Frameworks";
			outputFileListPaths = (
				"${PODS_ROOT}/Target Support Files/Pods-RxUpcomingMovies-RxUpcomingMoviesUITests/Pods-RxUpcomingMovies-RxUpcomingMoviesUITests-frameworks-${CONFIGURATION}-output-files.xcfilelist",
			);
			runOnlyForDeploymentPostprocessing = 0;
			shellPath = /bin/sh;
			shellScript = "\"${PODS_ROOT}/Target Support Files/Pods-RxUpcomingMovies-RxUpcomingMoviesUITests/Pods-RxUpcomingMovies-RxUpcomingMoviesUITests-frameworks.sh\"\n";
			showEnvVarsInLog = 0;
		};
/* End PBXShellScriptBuildPhase section */

/* Begin PBXSourcesBuildPhase section */
		44CA7261286A9D030052B74B /* Sources */ = {
			isa = PBXSourcesBuildPhase;
			buildActionMask = 2147483647;
			files = (
				44CA729A286ACFE80052B74B /* DIContainer.swift in Sources */,
				44A395BF286AF16900C17C49 /* NetworkConfiguration.swift in Sources */,
				44A395C6286AF21A00C17C49 /* RemoteDataSourceProtocol.swift in Sources */,
				44CA726D286A9D030052B74B /* UpcomingMoviesViewController.swift in Sources */,
				44CA7269286A9D030052B74B /* AppDelegate.swift in Sources */,
				44A395DE286AFC7200C17C49 /* URL+PropertyListDecoder.swift in Sources */,
				44A395D9286AFB2700C17C49 /* BaseConfiguration.swift in Sources */,
				44A395D0286AF67B00C17C49 /* Storyboarded.swift in Sources */,
				44A395C2286AF1F300C17C49 /* RemoteDataSource.swift in Sources */,
				44A395C9286AF2C200C17C49 /* DataSourceAssembly.swift in Sources */,
				44A395DB286AFBB600C17C49 /* PropertyListHelper.swift in Sources */,
				44CA726B286A9D030052B74B /* SceneDelegate.swift in Sources */,
			);
			runOnlyForDeploymentPostprocessing = 0;
		};
		44CA7277286A9D040052B74B /* Sources */ = {
			isa = PBXSourcesBuildPhase;
			buildActionMask = 2147483647;
			files = (
				44CA7280286A9D040052B74B /* RxUpcomingMoviesTests.swift in Sources */,
			);
			runOnlyForDeploymentPostprocessing = 0;
		};
		44CA7281286A9D040052B74B /* Sources */ = {
			isa = PBXSourcesBuildPhase;
			buildActionMask = 2147483647;
			files = (
				44CA728A286A9D040052B74B /* RxUpcomingMoviesUITests.swift in Sources */,
				44CA728C286A9D040052B74B /* RxUpcomingMoviesUITestsLaunchTests.swift in Sources */,
			);
			runOnlyForDeploymentPostprocessing = 0;
		};
/* End PBXSourcesBuildPhase section */

/* Begin PBXTargetDependency section */
		44CA727D286A9D040052B74B /* PBXTargetDependency */ = {
			isa = PBXTargetDependency;
			target = 44CA7264286A9D030052B74B /* RxUpcomingMovies */;
			targetProxy = 44CA727C286A9D040052B74B /* PBXContainerItemProxy */;
		};
		44CA7287286A9D040052B74B /* PBXTargetDependency */ = {
			isa = PBXTargetDependency;
			target = 44CA7264286A9D030052B74B /* RxUpcomingMovies */;
			targetProxy = 44CA7286286A9D040052B74B /* PBXContainerItemProxy */;
		};
/* End PBXTargetDependency section */

/* Begin PBXVariantGroup section */
		44CA7273286A9D040052B74B /* LaunchScreen.storyboard */ = {
			isa = PBXVariantGroup;
			children = (
				44CA7274286A9D040052B74B /* Base */,
			);
			name = LaunchScreen.storyboard;
			sourceTree = "<group>";
		};
/* End PBXVariantGroup section */

/* Begin XCBuildConfiguration section */
		44CA728D286A9D040052B74B /* Debug */ = {
			isa = XCBuildConfiguration;
			buildSettings = {
				ALWAYS_SEARCH_USER_PATHS = NO;
				CLANG_ANALYZER_NONNULL = YES;
				CLANG_ANALYZER_NUMBER_OBJECT_CONVERSION = YES_AGGRESSIVE;
				CLANG_CXX_LANGUAGE_STANDARD = "gnu++17";
				CLANG_ENABLE_MODULES = YES;
				CLANG_ENABLE_OBJC_ARC = YES;
				CLANG_ENABLE_OBJC_WEAK = YES;
				CLANG_WARN_BLOCK_CAPTURE_AUTORELEASING = YES;
				CLANG_WARN_BOOL_CONVERSION = YES;
				CLANG_WARN_COMMA = YES;
				CLANG_WARN_CONSTANT_CONVERSION = YES;
				CLANG_WARN_DEPRECATED_OBJC_IMPLEMENTATIONS = YES;
				CLANG_WARN_DIRECT_OBJC_ISA_USAGE = YES_ERROR;
				CLANG_WARN_DOCUMENTATION_COMMENTS = YES;
				CLANG_WARN_EMPTY_BODY = YES;
				CLANG_WARN_ENUM_CONVERSION = YES;
				CLANG_WARN_INFINITE_RECURSION = YES;
				CLANG_WARN_INT_CONVERSION = YES;
				CLANG_WARN_NON_LITERAL_NULL_CONVERSION = YES;
				CLANG_WARN_OBJC_IMPLICIT_RETAIN_SELF = YES;
				CLANG_WARN_OBJC_LITERAL_CONVERSION = YES;
				CLANG_WARN_OBJC_ROOT_CLASS = YES_ERROR;
				CLANG_WARN_QUOTED_INCLUDE_IN_FRAMEWORK_HEADER = YES;
				CLANG_WARN_RANGE_LOOP_ANALYSIS = YES;
				CLANG_WARN_STRICT_PROTOTYPES = YES;
				CLANG_WARN_SUSPICIOUS_MOVE = YES;
				CLANG_WARN_UNGUARDED_AVAILABILITY = YES_AGGRESSIVE;
				CLANG_WARN_UNREACHABLE_CODE = YES;
				CLANG_WARN__DUPLICATE_METHOD_MATCH = YES;
				COPY_PHASE_STRIP = NO;
				DEBUG_INFORMATION_FORMAT = dwarf;
				ENABLE_STRICT_OBJC_MSGSEND = YES;
				ENABLE_TESTABILITY = YES;
				GCC_C_LANGUAGE_STANDARD = gnu11;
				GCC_DYNAMIC_NO_PIC = NO;
				GCC_NO_COMMON_BLOCKS = YES;
				GCC_OPTIMIZATION_LEVEL = 0;
				GCC_PREPROCESSOR_DEFINITIONS = (
					"DEBUG=1",
					"$(inherited)",
				);
				GCC_WARN_64_TO_32_BIT_CONVERSION = YES;
				GCC_WARN_ABOUT_RETURN_TYPE = YES_ERROR;
				GCC_WARN_UNDECLARED_SELECTOR = YES;
				GCC_WARN_UNINITIALIZED_AUTOS = YES_AGGRESSIVE;
				GCC_WARN_UNUSED_FUNCTION = YES;
				GCC_WARN_UNUSED_VARIABLE = YES;
				IPHONEOS_DEPLOYMENT_TARGET = 15.5;
				MTL_ENABLE_DEBUG_INFO = INCLUDE_SOURCE;
				MTL_FAST_MATH = YES;
				ONLY_ACTIVE_ARCH = YES;
				SDKROOT = iphoneos;
				SWIFT_ACTIVE_COMPILATION_CONDITIONS = DEBUG;
				SWIFT_OPTIMIZATION_LEVEL = "-Onone";
			};
			name = Debug;
		};
		44CA728E286A9D040052B74B /* Release */ = {
			isa = XCBuildConfiguration;
			buildSettings = {
				ALWAYS_SEARCH_USER_PATHS = NO;
				CLANG_ANALYZER_NONNULL = YES;
				CLANG_ANALYZER_NUMBER_OBJECT_CONVERSION = YES_AGGRESSIVE;
				CLANG_CXX_LANGUAGE_STANDARD = "gnu++17";
				CLANG_ENABLE_MODULES = YES;
				CLANG_ENABLE_OBJC_ARC = YES;
				CLANG_ENABLE_OBJC_WEAK = YES;
				CLANG_WARN_BLOCK_CAPTURE_AUTORELEASING = YES;
				CLANG_WARN_BOOL_CONVERSION = YES;
				CLANG_WARN_COMMA = YES;
				CLANG_WARN_CONSTANT_CONVERSION = YES;
				CLANG_WARN_DEPRECATED_OBJC_IMPLEMENTATIONS = YES;
				CLANG_WARN_DIRECT_OBJC_ISA_USAGE = YES_ERROR;
				CLANG_WARN_DOCUMENTATION_COMMENTS = YES;
				CLANG_WARN_EMPTY_BODY = YES;
				CLANG_WARN_ENUM_CONVERSION = YES;
				CLANG_WARN_INFINITE_RECURSION = YES;
				CLANG_WARN_INT_CONVERSION = YES;
				CLANG_WARN_NON_LITERAL_NULL_CONVERSION = YES;
				CLANG_WARN_OBJC_IMPLICIT_RETAIN_SELF = YES;
				CLANG_WARN_OBJC_LITERAL_CONVERSION = YES;
				CLANG_WARN_OBJC_ROOT_CLASS = YES_ERROR;
				CLANG_WARN_QUOTED_INCLUDE_IN_FRAMEWORK_HEADER = YES;
				CLANG_WARN_RANGE_LOOP_ANALYSIS = YES;
				CLANG_WARN_STRICT_PROTOTYPES = YES;
				CLANG_WARN_SUSPICIOUS_MOVE = YES;
				CLANG_WARN_UNGUARDED_AVAILABILITY = YES_AGGRESSIVE;
				CLANG_WARN_UNREACHABLE_CODE = YES;
				CLANG_WARN__DUPLICATE_METHOD_MATCH = YES;
				COPY_PHASE_STRIP = NO;
				DEBUG_INFORMATION_FORMAT = "dwarf-with-dsym";
				ENABLE_NS_ASSERTIONS = NO;
				ENABLE_STRICT_OBJC_MSGSEND = YES;
				GCC_C_LANGUAGE_STANDARD = gnu11;
				GCC_NO_COMMON_BLOCKS = YES;
				GCC_WARN_64_TO_32_BIT_CONVERSION = YES;
				GCC_WARN_ABOUT_RETURN_TYPE = YES_ERROR;
				GCC_WARN_UNDECLARED_SELECTOR = YES;
				GCC_WARN_UNINITIALIZED_AUTOS = YES_AGGRESSIVE;
				GCC_WARN_UNUSED_FUNCTION = YES;
				GCC_WARN_UNUSED_VARIABLE = YES;
				IPHONEOS_DEPLOYMENT_TARGET = 15.5;
				MTL_ENABLE_DEBUG_INFO = NO;
				MTL_FAST_MATH = YES;
				SDKROOT = iphoneos;
				SWIFT_COMPILATION_MODE = wholemodule;
				SWIFT_OPTIMIZATION_LEVEL = "-O";
				VALIDATE_PRODUCT = YES;
			};
			name = Release;
		};
		44CA7290286A9D040052B74B /* Debug */ = {
			isa = XCBuildConfiguration;
			baseConfigurationReference = B2CC6CC498C43187409410A2 /* Pods-RxUpcomingMovies.debug.xcconfig */;
			buildSettings = {
				ASSETCATALOG_COMPILER_APPICON_NAME = AppIcon;
				ASSETCATALOG_COMPILER_GLOBAL_ACCENT_COLOR_NAME = AccentColor;
				CODE_SIGN_STYLE = Automatic;
				CURRENT_PROJECT_VERSION = 1;
				DEVELOPMENT_TEAM = 6GH2ZWT255;
				GENERATE_INFOPLIST_FILE = YES;
				INFOPLIST_FILE = RxUpcomingMovies/Info.plist;
				INFOPLIST_KEY_UIApplicationSupportsIndirectInputEvents = YES;
				INFOPLIST_KEY_UILaunchStoryboardName = LaunchScreen;
				INFOPLIST_KEY_UISupportedInterfaceOrientations_iPad = "UIInterfaceOrientationPortrait UIInterfaceOrientationPortraitUpsideDown UIInterfaceOrientationLandscapeLeft UIInterfaceOrientationLandscapeRight";
				INFOPLIST_KEY_UISupportedInterfaceOrientations_iPhone = "UIInterfaceOrientationPortrait UIInterfaceOrientationLandscapeLeft UIInterfaceOrientationLandscapeRight";
				LD_RUNPATH_SEARCH_PATHS = (
					"$(inherited)",
					"@executable_path/Frameworks",
				);
				MARKETING_VERSION = 1.0;
				PRODUCT_BUNDLE_IDENTIFIER = bingbing.RxUpcomingMovies;
				PRODUCT_NAME = "$(TARGET_NAME)";
				SWIFT_EMIT_LOC_STRINGS = YES;
				SWIFT_VERSION = 5.0;
				TARGETED_DEVICE_FAMILY = "1,2";
			};
			name = Debug;
		};
		44CA7291286A9D040052B74B /* Release */ = {
			isa = XCBuildConfiguration;
			baseConfigurationReference = 8D6685F647769689E15B5702 /* Pods-RxUpcomingMovies.release.xcconfig */;
			buildSettings = {
				ASSETCATALOG_COMPILER_APPICON_NAME = AppIcon;
				ASSETCATALOG_COMPILER_GLOBAL_ACCENT_COLOR_NAME = AccentColor;
				CODE_SIGN_STYLE = Automatic;
				CURRENT_PROJECT_VERSION = 1;
				DEVELOPMENT_TEAM = 6GH2ZWT255;
				GENERATE_INFOPLIST_FILE = YES;
				INFOPLIST_FILE = RxUpcomingMovies/Info.plist;
				INFOPLIST_KEY_UIApplicationSupportsIndirectInputEvents = YES;
				INFOPLIST_KEY_UILaunchStoryboardName = LaunchScreen;
				INFOPLIST_KEY_UISupportedInterfaceOrientations_iPad = "UIInterfaceOrientationPortrait UIInterfaceOrientationPortraitUpsideDown UIInterfaceOrientationLandscapeLeft UIInterfaceOrientationLandscapeRight";
				INFOPLIST_KEY_UISupportedInterfaceOrientations_iPhone = "UIInterfaceOrientationPortrait UIInterfaceOrientationLandscapeLeft UIInterfaceOrientationLandscapeRight";
				LD_RUNPATH_SEARCH_PATHS = (
					"$(inherited)",
					"@executable_path/Frameworks",
				);
				MARKETING_VERSION = 1.0;
				PRODUCT_BUNDLE_IDENTIFIER = bingbing.RxUpcomingMovies;
				PRODUCT_NAME = "$(TARGET_NAME)";
				SWIFT_EMIT_LOC_STRINGS = YES;
				SWIFT_VERSION = 5.0;
				TARGETED_DEVICE_FAMILY = "1,2";
			};
			name = Release;
		};
		44CA7293286A9D040052B74B /* Debug */ = {
			isa = XCBuildConfiguration;
			baseConfigurationReference = 0FDCE5A95114DFE52918E176 /* Pods-RxUpcomingMoviesTests.debug.xcconfig */;
			buildSettings = {
				ALWAYS_EMBED_SWIFT_STANDARD_LIBRARIES = YES;
				BUNDLE_LOADER = "$(TEST_HOST)";
				CODE_SIGN_STYLE = Automatic;
				CURRENT_PROJECT_VERSION = 1;
				DEVELOPMENT_TEAM = 6GH2ZWT255;
				GENERATE_INFOPLIST_FILE = YES;
				IPHONEOS_DEPLOYMENT_TARGET = 15.5;
				MARKETING_VERSION = 1.0;
				PRODUCT_BUNDLE_IDENTIFIER = bingbing.RxUpcomingMoviesTests;
				PRODUCT_NAME = "$(TARGET_NAME)";
				SWIFT_EMIT_LOC_STRINGS = NO;
				SWIFT_VERSION = 5.0;
				TARGETED_DEVICE_FAMILY = "1,2";
				TEST_HOST = "$(BUILT_PRODUCTS_DIR)/RxUpcomingMovies.app/RxUpcomingMovies";
			};
			name = Debug;
		};
		44CA7294286A9D040052B74B /* Release */ = {
			isa = XCBuildConfiguration;
			baseConfigurationReference = 02135CC449A7D5B3C2DFDC7F /* Pods-RxUpcomingMoviesTests.release.xcconfig */;
			buildSettings = {
				ALWAYS_EMBED_SWIFT_STANDARD_LIBRARIES = YES;
				BUNDLE_LOADER = "$(TEST_HOST)";
				CODE_SIGN_STYLE = Automatic;
				CURRENT_PROJECT_VERSION = 1;
				DEVELOPMENT_TEAM = 6GH2ZWT255;
				GENERATE_INFOPLIST_FILE = YES;
				IPHONEOS_DEPLOYMENT_TARGET = 15.5;
				MARKETING_VERSION = 1.0;
				PRODUCT_BUNDLE_IDENTIFIER = bingbing.RxUpcomingMoviesTests;
				PRODUCT_NAME = "$(TARGET_NAME)";
				SWIFT_EMIT_LOC_STRINGS = NO;
				SWIFT_VERSION = 5.0;
				TARGETED_DEVICE_FAMILY = "1,2";
				TEST_HOST = "$(BUILT_PRODUCTS_DIR)/RxUpcomingMovies.app/RxUpcomingMovies";
			};
			name = Release;
		};
		44CA7296286A9D040052B74B /* Debug */ = {
			isa = XCBuildConfiguration;
			baseConfigurationReference = 56601C78B80A80CD46CA878E /* Pods-RxUpcomingMovies-RxUpcomingMoviesUITests.debug.xcconfig */;
			buildSettings = {
				ALWAYS_EMBED_SWIFT_STANDARD_LIBRARIES = YES;
				CODE_SIGN_STYLE = Automatic;
				CURRENT_PROJECT_VERSION = 1;
				DEVELOPMENT_TEAM = 6GH2ZWT255;
				GENERATE_INFOPLIST_FILE = YES;
				MARKETING_VERSION = 1.0;
				PRODUCT_BUNDLE_IDENTIFIER = bingbing.RxUpcomingMoviesUITests;
				PRODUCT_NAME = "$(TARGET_NAME)";
				SWIFT_EMIT_LOC_STRINGS = NO;
				SWIFT_VERSION = 5.0;
				TARGETED_DEVICE_FAMILY = "1,2";
				TEST_TARGET_NAME = RxUpcomingMovies;
			};
			name = Debug;
		};
		44CA7297286A9D040052B74B /* Release */ = {
			isa = XCBuildConfiguration;
			baseConfigurationReference = DAFF8754C54AC803D56E33CA /* Pods-RxUpcomingMovies-RxUpcomingMoviesUITests.release.xcconfig */;
			buildSettings = {
				ALWAYS_EMBED_SWIFT_STANDARD_LIBRARIES = YES;
				CODE_SIGN_STYLE = Automatic;
				CURRENT_PROJECT_VERSION = 1;
				DEVELOPMENT_TEAM = 6GH2ZWT255;
				GENERATE_INFOPLIST_FILE = YES;
				MARKETING_VERSION = 1.0;
				PRODUCT_BUNDLE_IDENTIFIER = bingbing.RxUpcomingMoviesUITests;
				PRODUCT_NAME = "$(TARGET_NAME)";
				SWIFT_EMIT_LOC_STRINGS = NO;
				SWIFT_VERSION = 5.0;
				TARGETED_DEVICE_FAMILY = "1,2";
				TEST_TARGET_NAME = RxUpcomingMovies;
			};
			name = Release;
		};
/* End XCBuildConfiguration section */

/* Begin XCConfigurationList section */
		44CA7260286A9D030052B74B /* Build configuration list for PBXProject "RxUpcomingMovies" */ = {
			isa = XCConfigurationList;
			buildConfigurations = (
				44CA728D286A9D040052B74B /* Debug */,
				44CA728E286A9D040052B74B /* Release */,
			);
			defaultConfigurationIsVisible = 0;
			defaultConfigurationName = Release;
		};
		44CA728F286A9D040052B74B /* Build configuration list for PBXNativeTarget "RxUpcomingMovies" */ = {
			isa = XCConfigurationList;
			buildConfigurations = (
				44CA7290286A9D040052B74B /* Debug */,
				44CA7291286A9D040052B74B /* Release */,
			);
			defaultConfigurationIsVisible = 0;
			defaultConfigurationName = Release;
		};
		44CA7292286A9D040052B74B /* Build configuration list for PBXNativeTarget "RxUpcomingMoviesTests" */ = {
			isa = XCConfigurationList;
			buildConfigurations = (
				44CA7293286A9D040052B74B /* Debug */,
				44CA7294286A9D040052B74B /* Release */,
			);
			defaultConfigurationIsVisible = 0;
			defaultConfigurationName = Release;
		};
		44CA7295286A9D040052B74B /* Build configuration list for PBXNativeTarget "RxUpcomingMoviesUITests" */ = {
			isa = XCConfigurationList;
			buildConfigurations = (
				44CA7296286A9D040052B74B /* Debug */,
				44CA7297286A9D040052B74B /* Release */,
			);
			defaultConfigurationIsVisible = 0;
			defaultConfigurationName = Release;
		};
/* End XCConfigurationList section */
	};
	rootObject = 44CA725D286A9D030052B74B /* Project object */;
}
